
Microsoft Visual Studio Solution File, Format Version 12.00
Project("{FAE04EC0-301F-11D3-BF4B-00C04F79EFBC}") = "Warehouse.Api", "Warehouse.Api\Warehouse.Api.csproj", "{1D9D45FE-D250-454B-A4A2-0A9E799DAE61}"
EndProject
Project("{FAE04EC0-301F-11D3-BF4B-00C04F79EFBC}") = "Warehouse.DomainModels", "Warehouse.DomainModels\Warehouse.DomainModels.csproj", "{B843EDE8-4E71-4CD1-BF13-302A8B663EBB}"
EndProject
Project("{FAE04EC0-301F-11D3-BF4B-00C04F79EFBC}") = "Warehouse.Data", "Warehouse.Data\Warehouse.Data.csproj", "{5A1F9615-87C5-4134-9D97-B9060A24EFE2}"
EndProject
Project("{FAE04EC0-301F-11D3-BF4B-00C04F79EFBC}") = "Warehouse.Common", "Warehouse.Common\Warehouse.Common.csproj", "{A190E8EC-6860-49F0-900C-A4C6CF227EAD}"
EndProject
Project("{FAE04EC0-301F-11D3-BF4B-00C04F79EFBC}") = "Warehouse.Domain", "Warehouse.Domain\Warehouse.Domain.csproj", "{402490AC-3B92-4B6C-8633-D7289943E1DC}"
EndProject
Project("{2150E333-8FDC-42A3-9474-1A3956D46DE8}") = "Modules", "Modules", "{44752D14-4243-4E97-8EC0-B15F12B3D6B9}"
EndProject
Project("{FAE04EC0-301F-11D3-BF4B-00C04F79EFBC}") = "DanielXOO.Serilog.CorrelationId.Enricher", "Modules\DanielXOO.Serilog.CorrelationId.Enricher\DanielXOO.Serilog.CorrelationId.Enricher.csproj", "{7A021E4D-F208-4C56-8C2D-376FDB8DBDF0}"
EndProject
Project("{FAE04EC0-301F-11D3-BF4B-00C04F79EFBC}") = "DanielXOO.Serilog.Sinks.Kafka", "Modules\DanielXOO.Serilog.Sinks.Kafka\DanielXOO.Serilog.Sinks.Kafka.csproj", "{333F956B-2409-4809-A81C-7836CFAD2334}"
EndProject
Global
	GlobalSection(SolutionConfigurationPlatforms) = preSolution
		Debug|Any CPU = Debug|Any CPU
		Release|Any CPU = Release|Any CPU
	EndGlobalSection
	GlobalSection(ProjectConfigurationPlatforms) = postSolution
		{1D9D45FE-D250-454B-A4A2-0A9E799DAE61}.Debug|Any CPU.ActiveCfg = Debug|Any CPU
		{1D9D45FE-D250-454B-A4A2-0A9E799DAE61}.Debug|Any CPU.Build.0 = Debug|Any CPU
		{1D9D45FE-D250-454B-A4A2-0A9E799DAE61}.Release|Any CPU.ActiveCfg = Release|Any CPU
		{1D9D45FE-D250-454B-A4A2-0A9E799DAE61}.Release|Any CPU.Build.0 = Release|Any CPU
		{B843EDE8-4E71-4CD1-BF13-302A8B663EBB}.Debug|Any CPU.ActiveCfg = Debug|Any CPU
		{B843EDE8-4E71-4CD1-BF13-302A8B663EBB}.Debug|Any CPU.Build.0 = Debug|Any CPU
		{B843EDE8-4E71-4CD1-BF13-302A8B663EBB}.Release|Any CPU.ActiveCfg = Release|Any CPU
		{B843EDE8-4E71-4CD1-BF13-302A8B663EBB}.Release|Any CPU.Build.0 = Release|Any CPU
		{5A1F9615-87C5-4134-9D97-B9060A24EFE2}.Debug|Any CPU.ActiveCfg = Debug|Any CPU
		{5A1F9615-87C5-4134-9D97-B9060A24EFE2}.Debug|Any CPU.Build.0 = Debug|Any CPU
		{5A1F9615-87C5-4134-9D97-B9060A24EFE2}.Release|Any CPU.ActiveCfg = Release|Any CPU
		{5A1F9615-87C5-4134-9D97-B9060A24EFE2}.Release|Any CPU.Build.0 = Release|Any CPU
		{A190E8EC-6860-49F0-900C-A4C6CF227EAD}.Debug|Any CPU.ActiveCfg = Debug|Any CPU
		{A190E8EC-6860-49F0-900C-A4C6CF227EAD}.Debug|Any CPU.Build.0 = Debug|Any CPU
		{A190E8EC-6860-49F0-900C-A4C6CF227EAD}.Release|Any CPU.ActiveCfg = Release|Any CPU
		{A190E8EC-6860-49F0-900C-A4C6CF227EAD}.Release|Any CPU.Build.0 = Release|Any CPU
		{402490AC-3B92-4B6C-8633-D7289943E1DC}.Debug|Any CPU.ActiveCfg = Debug|Any CPU
		{402490AC-3B92-4B6C-8633-D7289943E1DC}.Debug|Any CPU.Build.0 = Debug|Any CPU
		{402490AC-3B92-4B6C-8633-D7289943E1DC}.Release|Any CPU.ActiveCfg = Release|Any CPU
		{402490AC-3B92-4B6C-8633-D7289943E1DC}.Release|Any CPU.Build.0 = Release|Any CPU
		{7A021E4D-F208-4C56-8C2D-376FDB8DBDF0}.Debug|Any CPU.ActiveCfg = Debug|Any CPU
		{7A021E4D-F208-4C56-8C2D-376FDB8DBDF0}.Debug|Any CPU.Build.0 = Debug|Any CPU
		{7A021E4D-F208-4C56-8C2D-376FDB8DBDF0}.Release|Any CPU.ActiveCfg = Release|Any CPU
		{7A021E4D-F208-4C56-8C2D-376FDB8DBDF0}.Release|Any CPU.Build.0 = Release|Any CPU
		{333F956B-2409-4809-A81C-7836CFAD2334}.Debug|Any CPU.ActiveCfg = Debug|Any CPU
		{333F956B-2409-4809-A81C-7836CFAD2334}.Debug|Any CPU.Build.0 = Debug|Any CPU
		{333F956B-2409-4809-A81C-7836CFAD2334}.Release|Any CPU.ActiveCfg = Release|Any CPU
		{333F956B-2409-4809-A81C-7836CFAD2334}.Release|Any CPU.Build.0 = Release|Any CPU
	EndGlobalSection
	GlobalSection(NestedProjects) = preSolution
		{7A021E4D-F208-4C56-8C2D-376FDB8DBDF0} = {44752D14-4243-4E97-8EC0-B15F12B3D6B9}
		{333F956B-2409-4809-A81C-7836CFAD2334} = {44752D14-4243-4E97-8EC0-B15F12B3D6B9}
	EndGlobalSection
EndGlobal
